
Microsoft Visual Studio Solution File, Format Version 12.00
# Visual Studio Version 16
VisualStudioVersion = 16.0.30225.117
MinimumVisualStudioVersion = 10.0.40219.1
Project("{2150E333-8FDC-42A3-9474-1A3956D46DE8}") = "1 - Testes de Unidade", "1 - Testes de Unidade", "{115833C3-94B6-41BA-B964-8488E0218500}"
EndProject
Project("{2150E333-8FDC-42A3-9474-1A3956D46DE8}") = "1.1 - Testes Basicos", "1.1 - Testes Basicos", "{CBBC3D0C-6473-465A-ACB7-0D539B821DE7}"
EndProject
Project("{9A19103F-16F7-4668-BE54-9A1E7A4F7556}") = "Demo", "1 - Testes de Unidade\Demo\Demo.csproj", "{63E6BB6A-15BA-406F-B2AD-7C9DC97EF73C}"
EndProject
Project("{9A19103F-16F7-4668-BE54-9A1E7A4F7556}") = "Demo.Tests", "1 - Testes de Unidade\Demo.Tests\Demo.Tests.csproj", "{1399BCD7-8347-4044-9308-DA05BC5B8802}"
EndProject
Project("{2150E333-8FDC-42A3-9474-1A3956D46DE8}") = "1.2 - Features", "1.2 - Features", "{73291027-06B8-457A-AE78-DC1294D72DF2}"
EndProject
Project("{9A19103F-16F7-4668-BE54-9A1E7A4F7556}") = "Features", "1 - Testes de Unidade\Features\Features.csproj", "{7F140B26-022A-49BE-8A04-CEE943BCB3A9}"
EndProject
Project("{9A19103F-16F7-4668-BE54-9A1E7A4F7556}") = "Features.Tests", "1 - Testes de Unidade\Features.Tests\Features.Tests.csproj", "{494F8086-DE43-423E-8F0F-F943DC7E4576}"
EndProject
Project("{2150E333-8FDC-42A3-9474-1A3956D46DE8}") = "2 - TDD", "2 - TDD", "{E5B15562-1157-4A98-82FF-015BDF93AB05}"
EndProject
Project("{2150E333-8FDC-42A3-9474-1A3956D46DE8}") = "Tests", "Tests", "{E7731879-8F6B-478C-8F40-E216542DB276}"
EndProject
Project("{9A19103F-16F7-4668-BE54-9A1E7A4F7556}") = "NerdStore.Vendas.Application.Tests", "NerdStore.Vendas.Application.Tests\NerdStore.Vendas.Application.Tests.csproj", "{B79A9EDA-5F32-4484-8B77-28B86496249C}"
EndProject
Project("{9A19103F-16F7-4668-BE54-9A1E7A4F7556}") = "NerdStore.Vendas.Domain.Tests", "NerdStore.Vendas.Domain.Tests\NerdStore.Vendas.Domain.Tests.csproj", "{A3E2E79C-ED62-41CB-A06B-89E912457663}"
EndProject
Project("{9A19103F-16F7-4668-BE54-9A1E7A4F7556}") = "NerdStore.Vendas.Domain", "NerdStore.Vendas.Domain\NerdStore.Vendas.Domain.csproj", "{55441781-1655-42FC-A2E9-DB5922E5EDDB}"
EndProject
Project("{9A19103F-16F7-4668-BE54-9A1E7A4F7556}") = "NerdStore.Core", "NerdStore.Core\NerdStore.Core.csproj", "{0DC199AD-3CE2-4978-A968-9D3A79E4FCAE}"
EndProject
Project("{FAE04EC0-301F-11D3-BF4B-00C04F79EFBC}") = "NerdStore.Vendas.Application", "NerdStore.Vendas.Application\NerdStore.Vendas.Application.csproj", "{9DDFE169-94D7-459D-B8CC-74891C0C5BC5}"
EndProject
Global
	GlobalSection(SolutionConfigurationPlatforms) = preSolution
		Debug|Any CPU = Debug|Any CPU
		Release|Any CPU = Release|Any CPU
	EndGlobalSection
	GlobalSection(ProjectConfigurationPlatforms) = postSolution
		{63E6BB6A-15BA-406F-B2AD-7C9DC97EF73C}.Debug|Any CPU.ActiveCfg = Debug|Any CPU
		{63E6BB6A-15BA-406F-B2AD-7C9DC97EF73C}.Debug|Any CPU.Build.0 = Debug|Any CPU
		{63E6BB6A-15BA-406F-B2AD-7C9DC97EF73C}.Release|Any CPU.ActiveCfg = Release|Any CPU
		{63E6BB6A-15BA-406F-B2AD-7C9DC97EF73C}.Release|Any CPU.Build.0 = Release|Any CPU
		{1399BCD7-8347-4044-9308-DA05BC5B8802}.Debug|Any CPU.ActiveCfg = Debug|Any CPU
		{1399BCD7-8347-4044-9308-DA05BC5B8802}.Debug|Any CPU.Build.0 = Debug|Any CPU
		{1399BCD7-8347-4044-9308-DA05BC5B8802}.Release|Any CPU.ActiveCfg = Release|Any CPU
		{1399BCD7-8347-4044-9308-DA05BC5B8802}.Release|Any CPU.Build.0 = Release|Any CPU
		{7F140B26-022A-49BE-8A04-CEE943BCB3A9}.Debug|Any CPU.ActiveCfg = Debug|Any CPU
		{7F140B26-022A-49BE-8A04-CEE943BCB3A9}.Debug|Any CPU.Build.0 = Debug|Any CPU
		{7F140B26-022A-49BE-8A04-CEE943BCB3A9}.Release|Any CPU.ActiveCfg = Release|Any CPU
		{7F140B26-022A-49BE-8A04-CEE943BCB3A9}.Release|Any CPU.Build.0 = Release|Any CPU
		{494F8086-DE43-423E-8F0F-F943DC7E4576}.Debug|Any CPU.ActiveCfg = Debug|Any CPU
		{494F8086-DE43-423E-8F0F-F943DC7E4576}.Debug|Any CPU.Build.0 = Debug|Any CPU
		{494F8086-DE43-423E-8F0F-F943DC7E4576}.Release|Any CPU.ActiveCfg = Release|Any CPU
		{494F8086-DE43-423E-8F0F-F943DC7E4576}.Release|Any CPU.Build.0 = Release|Any CPU
		{B79A9EDA-5F32-4484-8B77-28B86496249C}.Debug|Any CPU.ActiveCfg = Debug|Any CPU
		{B79A9EDA-5F32-4484-8B77-28B86496249C}.Debug|Any CPU.Build.0 = Debug|Any CPU
		{B79A9EDA-5F32-4484-8B77-28B86496249C}.Release|Any CPU.ActiveCfg = Release|Any CPU
		{B79A9EDA-5F32-4484-8B77-28B86496249C}.Release|Any CPU.Build.0 = Release|Any CPU
		{A3E2E79C-ED62-41CB-A06B-89E912457663}.Debug|Any CPU.ActiveCfg = Debug|Any CPU
		{A3E2E79C-ED62-41CB-A06B-89E912457663}.Debug|Any CPU.Build.0 = Debug|Any CPU
		{A3E2E79C-ED62-41CB-A06B-89E912457663}.Release|Any CPU.ActiveCfg = Release|Any CPU
		{A3E2E79C-ED62-41CB-A06B-89E912457663}.Release|Any CPU.Build.0 = Release|Any CPU
		{55441781-1655-42FC-A2E9-DB5922E5EDDB}.Debug|Any CPU.ActiveCfg = Debug|Any CPU
		{55441781-1655-42FC-A2E9-DB5922E5EDDB}.Debug|Any CPU.Build.0 = Debug|Any CPU
		{55441781-1655-42FC-A2E9-DB5922E5EDDB}.Release|Any CPU.ActiveCfg = Release|Any CPU
		{55441781-1655-42FC-A2E9-DB5922E5EDDB}.Release|Any CPU.Build.0 = Release|Any CPU
		{0DC199AD-3CE2-4978-A968-9D3A79E4FCAE}.Debug|Any CPU.ActiveCfg = Debug|Any CPU
		{0DC199AD-3CE2-4978-A968-9D3A79E4FCAE}.Debug|Any CPU.Build.0 = Debug|Any CPU
		{0DC199AD-3CE2-4978-A968-9D3A79E4FCAE}.Release|Any CPU.ActiveCfg = Release|Any CPU
		{0DC199AD-3CE2-4978-A968-9D3A79E4FCAE}.Release|Any CPU.Build.0 = Release|Any CPU
		{9DDFE169-94D7-459D-B8CC-74891C0C5BC5}.Debug|Any CPU.ActiveCfg = Debug|Any CPU
		{9DDFE169-94D7-459D-B8CC-74891C0C5BC5}.Debug|Any CPU.Build.0 = Debug|Any CPU
		{9DDFE169-94D7-459D-B8CC-74891C0C5BC5}.Release|Any CPU.ActiveCfg = Release|Any CPU
		{9DDFE169-94D7-459D-B8CC-74891C0C5BC5}.Release|Any CPU.Build.0 = Release|Any CPU
	EndGlobalSection
	GlobalSection(SolutionProperties) = preSolution
		HideSolutionNode = FALSE
	EndGlobalSection
	GlobalSection(NestedProjects) = preSolution
		{CBBC3D0C-6473-465A-ACB7-0D539B821DE7} = {115833C3-94B6-41BA-B964-8488E0218500}
		{63E6BB6A-15BA-406F-B2AD-7C9DC97EF73C} = {CBBC3D0C-6473-465A-ACB7-0D539B821DE7}
		{1399BCD7-8347-4044-9308-DA05BC5B8802} = {CBBC3D0C-6473-465A-ACB7-0D539B821DE7}
		{73291027-06B8-457A-AE78-DC1294D72DF2} = {115833C3-94B6-41BA-B964-8488E0218500}
		{7F140B26-022A-49BE-8A04-CEE943BCB3A9} = {73291027-06B8-457A-AE78-DC1294D72DF2}
		{494F8086-DE43-423E-8F0F-F943DC7E4576} = {73291027-06B8-457A-AE78-DC1294D72DF2}
		{E7731879-8F6B-478C-8F40-E216542DB276} = {E5B15562-1157-4A98-82FF-015BDF93AB05}
		{B79A9EDA-5F32-4484-8B77-28B86496249C} = {E7731879-8F6B-478C-8F40-E216542DB276}
		{A3E2E79C-ED62-41CB-A06B-89E912457663} = {E7731879-8F6B-478C-8F40-E216542DB276}
		{55441781-1655-42FC-A2E9-DB5922E5EDDB} = {E5B15562-1157-4A98-82FF-015BDF93AB05}
		{0DC199AD-3CE2-4978-A968-9D3A79E4FCAE} = {E5B15562-1157-4A98-82FF-015BDF93AB05}
		{9DDFE169-94D7-459D-B8CC-74891C0C5BC5} = {E5B15562-1157-4A98-82FF-015BDF93AB05}
	EndGlobalSection
	GlobalSection(ExtensibilityGlobals) = postSolution
		SolutionGuid = {ABBF8167-04FA-4985-AC4B-8AE75AE3A7D5}
	EndGlobalSection
EndGlobal
